
Microsoft Visual Studio Solution File, Format Version 12.00
# Visual Studio Version 17
VisualStudioVersion = 17.5.33502.453
MinimumVisualStudioVersion = 10.0.40219.1
Project("{FAE04EC0-301F-11D3-BF4B-00C04F79EFBC}") = "ex65_calculadora", "ex65_calculadora.csproj", "{C409F1F7-05D8-4BE7-9EB3-B9E5998398A0}"
EndProject
Global
	GlobalSection(SolutionConfigurationPlatforms) = preSolution
		Debug|Any CPU = Debug|Any CPU
		Release|Any CPU = Release|Any CPU
	EndGlobalSection
	GlobalSection(ProjectConfigurationPlatforms) = postSolution
		{C409F1F7-05D8-4BE7-9EB3-B9E5998398A0}.Debug|Any CPU.ActiveCfg = Debug|Any CPU
		{C409F1F7-05D8-4BE7-9EB3-B9E5998398A0}.Debug|Any CPU.Build.0 = Debug|Any CPU
		{C409F1F7-05D8-4BE7-9EB3-B9E5998398A0}.Release|Any CPU.ActiveCfg = Release|Any CPU
		{C409F1F7-05D8-4BE7-9EB3-B9E5998398A0}.Release|Any CPU.Build.0 = Release|Any CPU
	EndGlobalSection
	GlobalSection(SolutionProperties) = preSolution
		HideSolutionNode = FALSE
	EndGlobalSection
	GlobalSection(ExtensibilityGlobals) = postSolution
		SolutionGuid = {95EAF433-9E3D-4E01-AC6C-E2915FA3F8EB}
	EndGlobalSection
EndGlobal
